
Microsoft Visual Studio Solution File, Format Version 12.00
# Visual Studio Version 17
VisualStudioVersion = 17.4.32916.344
MinimumVisualStudioVersion = 10.0.40219.1
Project("{FAE04EC0-301F-11D3-BF4B-00C04F79EFBC}") = "WebApplication2", "WebApplication2\WebApplication2.csproj", "{9FB277CC-A1DE-431D-8611-B2F549984C4F}"
EndProject
Global
	GlobalSection(SolutionConfigurationPlatforms) = preSolution
		Debug|Any CPU = Debug|Any CPU
		Release|Any CPU = Release|Any CPU
	EndGlobalSection
	GlobalSection(ProjectConfigurationPlatforms) = postSolution
		{9FB277CC-A1DE-431D-8611-B2F549984C4F}.Debug|Any CPU.ActiveCfg = Debug|Any CPU
		{9FB277CC-A1DE-431D-8611-B2F549984C4F}.Debug|Any CPU.Build.0 = Debug|Any CPU
		{9FB277CC-A1DE-431D-8611-B2F549984C4F}.Release|Any CPU.ActiveCfg = Release|Any CPU
		{9FB277CC-A1DE-431D-8611-B2F549984C4F}.Release|Any CPU.Build.0 = Release|Any CPU
	EndGlobalSection
	GlobalSection(SolutionProperties) = preSolution
		HideSolutionNode = FALSE
	EndGlobalSection
	GlobalSection(ExtensibilityGlobals) = postSolution
		SolutionGuid = {99D1B221-CD0A-4324-AAD6-E68E9FE532AB}
	EndGlobalSection
EndGlobal
