
Microsoft Visual Studio Solution File, Format Version 12.00
# Visual Studio Version 17
VisualStudioVersion = 17.4.32916.344
MinimumVisualStudioVersion = 10.0.40219.1
Project("{FAE04EC0-301F-11D3-BF4B-00C04F79EFBC}") = "Server", "Server\Server.csproj", "{CFDB079E-C849-4932-AE5B-CABE7DEB8C0D}"
EndProject
Global
	GlobalSection(SolutionConfigurationPlatforms) = preSolution
		Debug|Any CPU = Debug|Any CPU
		Release|Any CPU = Release|Any CPU
	EndGlobalSection
	GlobalSection(ProjectConfigurationPlatforms) = postSolution
		{CFDB079E-C849-4932-AE5B-CABE7DEB8C0D}.Debug|Any CPU.ActiveCfg = Debug|Any CPU
		{CFDB079E-C849-4932-AE5B-CABE7DEB8C0D}.Debug|Any CPU.Build.0 = Debug|Any CPU
		{CFDB079E-C849-4932-AE5B-CABE7DEB8C0D}.Release|Any CPU.ActiveCfg = Release|Any CPU
		{CFDB079E-C849-4932-AE5B-CABE7DEB8C0D}.Release|Any CPU.Build.0 = Release|Any CPU
	EndGlobalSection
	GlobalSection(SolutionProperties) = preSolution
		HideSolutionNode = FALSE
	EndGlobalSection
	GlobalSection(ExtensibilityGlobals) = postSolution
		SolutionGuid = {5FBA7B81-6FCF-4E98-A889-B425AE8FE534}
	EndGlobalSection
EndGlobal
